# This file is autogenerated, do not edit; changes may be undone by the next 'dep ensure'.


[[projects]]
  digest = "1:a2cff208d4759f6ba1b1cd228587b0a1869f95f22542ec9cd17fff64430113c7"
  name = "github.com/jessevdk/go-flags"
  packages = ["."]
  pruneopts = "UT"
  revision = "c6ca198ec95c841fdb89fc0de7496fed11ab854e"
  version = "v1.4.0"

[[projects]]
  digest = "1:6ddd5ffca23af36bed7190412ae5ad754711a413a59f20ec52e5c8d35a30a543"
  name = "github.com/rs/zerolog"
  packages = [
    ".",
    "internal/cbor",
    "internal/json",
    "log",
  ]
  pruneopts = "UT"
  revision = "8e30c7136954547e35720dbc2e5a50fd140f60af"
  version = "v1.10.2"

[[projects]]
  branch = "master"
  digest = "1:68284c262f45718a220f7e817c2125a0f20eb3924be5074fa187ff7bc600c47e"
  name = "github.com/streadway/amqp"
  packages = ["."]
  pruneopts = "UT"
  revision = "27835f1a64e97101d95306211f03c0620ffa295d"

[solve-meta]
  analyzer-name = "dep"
  analyzer-version = 1
  input-imports = [
    "github.com/jessevdk/go-flags",
    "github.com/rs/zerolog",
    "github.com/rs/zerolog/log",
    "github.com/streadway/amqp",
  ]
  solver-name = "gps-cdcl"
  solver-version = 1
